// !$*UTF8*$!
{
	archiveVersion = 1;
	classes = {
	};
	objectVersion = 46;
	objects = {

/* Begin PBXBuildFile section */
		7FD77BA01D85ADD600351D59 /* color library.cpp in Sources */ = {isa = PBXBuildFile; fileRef = 7FD77B9E1D85ADD600351D59 /* color library.cpp */; };
		EF5801381D8275F2009295F4 /* main.cpp in Sources */ = {isa = PBXBuildFile; fileRef = EF5801371D8275F2009295F4 /* main.cpp */; };
/* End PBXBuildFile section */

/* Begin PBXCopyFilesBuildPhase section */
		EF5801321D8275F2009295F4 /* CopyFiles */ = {
			isa = PBXCopyFilesBuildPhase;
			buildActionMask = 2147483647;
			dstPath = /usr/share/man/man1/;
			dstSubfolderSpec = 0;
			files = (
			);
			runOnlyForDeploymentPostprocessing = 1;
		};
/* End PBXCopyFilesBuildPhase section */

/* Begin PBXFileReference section */
		7FD77B9E1D85ADD600351D59 /* color library.cpp */ = {isa = PBXFileReference; fileEncoding = 4; lastKnownFileType = sourcecode.cpp.cpp; path = "color library.cpp"; sourceTree = "<group>"; };
		7FD77B9F1D85ADD600351D59 /* color library.hpp */ = {isa = PBXFileReference; fileEncoding = 4; lastKnownFileType = sourcecode.cpp.h; path = "color library.hpp"; sourceTree = "<group>"; };
		EF5801341D8275F2009295F4 /* Assignment_2_Ascii_Art */ = {isa = PBXFileReference; explicitFileType = "compiled.mach-o.executable"; includeInIndex = 0; path = Assignment_2_Ascii_Art; sourceTree = BUILT_PRODUCTS_DIR; };
		EF5801371D8275F2009295F4 /* main.cpp */ = {isa = PBXFileReference; lastKnownFileType = sourcecode.cpp.cpp; path = main.cpp; sourceTree = "<group>"; };
/* End PBXFileReference section */

/* Begin PBXFrameworksBuildPhase section */
		EF5801311D8275F2009295F4 /* Frameworks */ = {
			isa = PBXFrameworksBuildPhase;
			buildActionMask = 2147483647;
			files = (
			);
			runOnlyForDeploymentPostprocessing = 0;
		};
/* End PBXFrameworksBuildPhase section */

/* Begin PBXGroup section */
		EF58012B1D8275F2009295F4 = {
			isa = PBXGroup;
			children = (
				EF5801361D8275F2009295F4 /* Assignment_2_Ascii_Art */,
				EF5801351D8275F2009295F4 /* Products */,
			);
			sourceTree = "<group>";
		};
		EF5801351D8275F2009295F4 /* Products */ = {
			isa = PBXGroup;
			children = (
				EF5801341D8275F2009295F4 /* Assignment_2_Ascii_Art */,
			);
			name = Products;
			sourceTree = "<group>";
		};
		EF5801361D8275F2009295F4 /* Assignment_2_Ascii_Art */ = {
			isa = PBXGroup;
			children = (
				EF5801371D8275F2009295F4 /* main.cpp */,
				7FD77B9E1D85ADD600351D59 /* color library.cpp */,
				7FD77B9F1D85ADD600351D59 /* color library.hpp */,
			);
			path = Assignment_2_Ascii_Art;
			sourceTree = "<group>";
		};
/* End PBXGroup section */

/* Begin PBXNativeTarget section */
		EF5801331D8275F2009295F4 /* Assignment_2_Ascii_Art */ = {
			isa = PBXNativeTarget;
			buildConfigurationList = EF58013B1D8275F2009295F4 /* Build configuration list for PBXNativeTarget "Assignment_2_Ascii_Art" */;
			buildPhases = (
				EF5801301D8275F2009295F4 /* Sources */,
				EF5801311D8275F2009295F4 /* Frameworks */,
				EF5801321D8275F2009295F4 /* CopyFiles */,
			);
			buildRules = (
			);
			dependencies = (
			);
			name = Assignment_2_Ascii_Art;
			productName = Assignment_2_Ascii_Art;
			productReference = EF5801341D8275F2009295F4 /* Assignment_2_Ascii_Art */;
			productType = "com.apple.product-type.tool";
		};
/* End PBXNativeTarget section */

/* Begin PBXProject section */
		EF58012C1D8275F2009295F4 /* Project object */ = {
			isa = PBXProject;
			attributes = {
				KnownAssetTags = (
					New,
				);
				LastUpgradeCheck = 0720;
				ORGANIZATIONNAME = "Adam Soto";
				TargetAttributes = {
					EF5801331D8275F2009295F4 = {
						CreatedOnToolsVersion = 7.2.1;
					};
				};
			};
			buildConfigurationList = EF58012F1D8275F2009295F4 /* Build configuration list for PBXProject "Assignment_2_Ascii_Art" */;
			compatibilityVersion = "Xcode 3.2";
			developmentRegion = English;
			hasScannedForEncodings = 0;
			knownRegions = (
				en,
			);
			mainGroup = EF58012B1D8275F2009295F4;
			productRefGroup = EF5801351D8275F2009295F4 /* Products */;
			projectDirPath = "";
			projectRoot = "";
			targets = (
				EF5801331D8275F2009295F4 /* Assignment_2_Ascii_Art */,
			);
		};
/* End PBXProject section */

/* Begin PBXSourcesBuildPhase section */
		EF5801301D8275F2009295F4 /* Sources */ = {
			isa = PBXSourcesBuildPhase;
			buildActionMask = 2147483647;
			files = (
				7FD77BA01D85ADD600351D59 /* color library.cpp in Sources */,
				EF5801381D8275F2009295F4 /* main.cpp in Sources */,
			);
			runOnlyForDeploymentPostprocessing = 0;
		};
/* End PBXSourcesBuildPhase section */

/* Begin XCBuildConfiguration section */
		EF5801391D8275F2009295F4 /* Debug */ = {
			isa = XCBuildConfiguration;
			buildSettings = {
				ALWAYS_SEARCH_USER_PATHS = NO;
				CLANG_CXX_LANGUAGE_STANDARD = "gnu++0x";
				CLANG_CXX_LIBRARY = "libc++";
				CLANG_ENABLE_MODULES = YES;
				CLANG_ENABLE_OBJC_ARC = YES;
				CLANG_WARN_BOOL_CONVERSION = YES;
				CLANG_WARN_CONSTANT_CONVERSION = YES;
				CLANG_WARN_DIRECT_OBJC_ISA_USAGE = YES_ERROR;
				CLANG_WARN_EMPTY_BODY = YES;
				CLANG_WARN_ENUM_CONVERSION = YES;
				CLANG_WARN_INT_CONVERSION = YES;
				CLANG_WARN_OBJC_ROOT_CLASS = YES_ERROR;
				CLANG_WARN_UNREACHABLE_CODE = YES;
				CLANG_WARN__DUPLICATE_METHOD_MATCH = YES;
				CODE_SIGN_IDENTITY = "-";
				COPY_PHASE_STRIP = NO;
				DEBUG_INFORMATION_FORMAT = dwarf;
				ENABLE_STRICT_OBJC_MSGSEND = YES;
				ENABLE_TESTABILITY = YES;
				GCC_C_LANGUAGE_STANDARD = gnu99;
				GCC_DYNAMIC_NO_PIC = NO;
				GCC_NO_COMMON_BLOCKS = YES;
				GCC_OPTIMIZATION_LEVEL = 0;
				GCC_PREPROCESSOR_DEFINITIONS = (
					"DEBUG=1",
					"$(inherited)",
				);
				GCC_WARN_64_TO_32_BIT_CONVERSION = YES;
				GCC_WARN_ABOUT_RETURN_TYPE = YES_ERROR;
				GCC_WARN_UNDECLARED_SELECTOR = YES;
				GCC_WARN_UNINITIALIZED_AUTOS = YES_AGGRESSIVE;
				GCC_WARN_UNUSED_FUNCTION = YES;
				GCC_WARN_UNUSED_VARIABLE = YES;
				MACOSX_DEPLOYMENT_TARGET = 10.10;
				MTL_ENABLE_DEBUG_INFO = YES;
				ONLY_ACTIVE_ARCH = YES;
				SDKROOT = macosx;
			};
			name = Debug;
		};
		EF58013A1D8275F2009295F4 /* Release */ = {
			isa = XCBuildConfiguration;
			buildSettings = {
				ALWAYS_SEARCH_USER_PATHS = NO;
				CLANG_CXX_LANGUAGE_STANDARD = "gnu++0x";
				CLANG_CXX_LIBRARY = "libc++";
				CLANG_ENABLE_MODULES = YES;
				CLANG_ENABLE_OBJC_ARC = YES;
				CLANG_WARN_BOOL_CONVERSION = YES;
				CLANG_WARN_CONSTANT_CONVERSION = YES;
				CLANG_WARN_DIRECT_OBJC_ISA_USAGE = YES_ERROR;
				CLANG_WARN_EMPTY_BODY = YES;
				CLANG_WARN_ENUM_CONVERSION = YES;
				CLANG_WARN_INT_CONVERSION = YES;
				CLANG_WARN_OBJC_ROOT_CLASS = YES_ERROR;
				CLANG_WARN_UNREACHABLE_CODE = YES;
				CLANG_WARN__DUPLICATE_METHOD_MATCH = YES;
				CODE_SIGN_IDENTITY = "-";
				COPY_PHASE_STRIP = NO;
				DEBUG_INFORMATION_FORMAT = "dwarf-with-dsym";
				ENABLE_NS_ASSERTIONS = NO;
				ENABLE_STRICT_OBJC_MSGSEND = YES;
				GCC_C_LANGUAGE_STANDARD = gnu99;
				GCC_NO_COMMON_BLOCKS = YES;
				GCC_WARN_64_TO_32_BIT_CONVERSION = YES;
				GCC_WARN_ABOUT_RETURN_TYPE = YES_ERROR;
				GCC_WARN_UNDECLARED_SELECTOR = YES;
				GCC_WARN_UNINITIALIZED_AUTOS = YES_AGGRESSIVE;
				GCC_WARN_UNUSED_FUNCTION = YES;
				GCC_WARN_UNUSED_VARIABLE = YES;
				MACOSX_DEPLOYMENT_TARGET = 10.10;
				MTL_ENABLE_DEBUG_INFO = NO;
				SDKROOT = macosx;
			};
			name = Release;
		};
		EF58013C1D8275F2009295F4 /* Debug */ = {
			isa = XCBuildConfiguration;
			buildSettings = {
				PRODUCT_NAME = "$(TARGET_NAME)";
			};
			name = Debug;
		};
		EF58013D1D8275F2009295F4 /* Release */ = {
			isa = XCBuildConfiguration;
			buildSettings = {
				PRODUCT_NAME = "$(TARGET_NAME)";
			};
			name = Release;
		};
/* End XCBuildConfiguration section */

/* Begin XCConfigurationList section */
		EF58012F1D8275F2009295F4 /* Build configuration list for PBXProject "Assignment_2_Ascii_Art" */ = {
			isa = XCConfigurationList;
			buildConfigurations = (
				EF5801391D8275F2009295F4 /* Debug */,
				EF58013A1D8275F2009295F4 /* Release */,
			);
			defaultConfigurationIsVisible = 0;
			defaultConfigurationName = Release;
		};
		EF58013B1D8275F2009295F4 /* Build configuration list for PBXNativeTarget "Assignment_2_Ascii_Art" */ = {
			isa = XCConfigurationList;
			buildConfigurations = (
				EF58013C1D8275F2009295F4 /* Debug */,
				EF58013D1D8275F2009295F4 /* Release */,
			);
			defaultConfigurationIsVisible = 0;
			defaultConfigurationName = Release;
		};
/* End XCConfigurationList section */
	};
	rootObject = EF58012C1D8275F2009295F4 /* Project object */;
}
